version = 1
revision = 1
requires-python = ">=3.13"

[[package]]
name = "altgraph"
version = "0.17.4"
source = { registry = "https://mirrors.aliyun.com/pypi/simple/" }
sdist = { url = "https://mirrors.aliyun.com/pypi/packages/de/a8/7145824cf0b9e3c28046520480f207df47e927df83aa9555fb47f8505922/altgraph-0.17.4.tar.gz", hash = "sha256:1b5afbb98f6c4dcadb2e2ae6ab9fa994bbb8c1d75f4fa96d340f9437ae454406" }
wheels = [
    { url = "https://mirrors.aliyun.com/pypi/packages/4d/3f/3bc3f1d83f6e4a7fcb834d3720544ca597590425be5ba9db032b2bf322a2/altgraph-0.17.4-py2.py3-none-any.whl", hash = "sha256:642743b4750de17e655e6711601b077bc6598dbfa3ba5fa2b2a35ce12b508dff" },
]

[[package]]
name = "annotated-types"
version = "0.7.0"
source = { registry = "https://mirrors.aliyun.com/pypi/simple/" }
sdist = { url = "https://mirrors.aliyun.com/pypi/packages/ee/67/531ea369ba64dcff5ec9c3402f9f51bf748cec26dde048a2f973a4eea7f5/annotated_types-0.7.0.tar.gz", hash = "sha256:aff07c09a53a08bc8cfccb9c85b05f1aa9a2a6f23728d790723543408344ce89" }
wheels = [
    { url = "https://mirrors.aliyun.com/pypi/packages/78/b6/6307fbef88d9b5ee7421e68d78a9f162e0da4900bc5f5793f6d3d0e34fb8/annotated_types-0.7.0-py3-none-any.whl", hash = "sha256:1f02e8b43a8fbbc3f3e0d4f0f4bfc8131bcb4eebe8849b8e5c773f3a1c582a53" },
]

[[package]]
name = "argparse"
version = "1.4.0"
source = { registry = "https://mirrors.aliyun.com/pypi/simple/" }
sdist = { url = "https://mirrors.aliyun.com/pypi/packages/18/dd/e617cfc3f6210ae183374cd9f6a26b20514bbb5a792af97949c5aacddf0f/argparse-1.4.0.tar.gz", hash = "sha256:62b089a55be1d8949cd2bc7e0df0bddb9e028faefc8c32038cc84862aefdd6e4" }
wheels = [
    { url = "https://mirrors.aliyun.com/pypi/packages/f2/94/3af39d34be01a24a6e65433d19e107099374224905f1e0cc6bbe1fd22a2f/argparse-1.4.0-py2.py3-none-any.whl", hash = "sha256:c31647edb69fd3d465a847ea3157d37bed1f95f19760b11a47aa91c04b666314" },
]

[[package]]
name = "bleak"
version = "1.1.0"
source = { registry = "https://mirrors.aliyun.com/pypi/simple/" }
dependencies = [
    { name = "dbus-fast", marker = "sys_platform == 'linux'" },
    { name = "pyobjc-core", marker = "sys_platform == 'darwin'" },
    { name = "pyobjc-framework-corebluetooth", marker = "sys_platform == 'darwin'" },
    { name = "pyobjc-framework-libdispatch", marker = "sys_platform == 'darwin'" },
    { name = "winrt-runtime", marker = "sys_platform == 'win32'" },
    { name = "winrt-windows-devices-bluetooth", marker = "sys_platform == 'win32'" },
    { name = "winrt-windows-devices-bluetooth-advertisement", marker = "sys_platform == 'win32'" },
    { name = "winrt-windows-devices-bluetooth-genericattributeprofile", marker = "sys_platform == 'win32'" },
    { name = "winrt-windows-devices-enumeration", marker = "sys_platform == 'win32'" },
    { name = "winrt-windows-foundation", marker = "sys_platform == 'win32'" },
    { name = "winrt-windows-foundation-collections", marker = "sys_platform == 'win32'" },
    { name = "winrt-windows-storage-streams", marker = "sys_platform == 'win32'" },
]
sdist = { url = "https://mirrors.aliyun.com/pypi/packages/c1/84/a7d5056e148b02b7a3398fe122eea5b1585f0439d95958f019867a2ec4b6/bleak-1.1.0.tar.gz", hash = "sha256:0ace59c8cf5a2d8aa66a2493419b59ac6a119c2f72f6e57be8dbdd3f2c0270e0" }
wheels = [
    { url = "https://mirrors.aliyun.com/pypi/packages/fe/7a/fbfffec2f7839fa779a11a3d1d46edcd6cf790c135ff3a2eaa3777906fea/bleak-1.1.0-py3-none-any.whl", hash = "sha256:174e7836e1ab0879860cd24ddd0ac604bd192bcc1acb978892e27359f3f18304" },
]

[[package]]
name = "cffi"
version = "1.17.1"
source = { registry = "https://mirrors.aliyun.com/pypi/simple/" }
dependencies = [
    { name = "pycparser" },
]
sdist = { url = "https://mirrors.aliyun.com/pypi/packages/fc/97/c783634659c2920c3fc70419e3af40972dbaf758daa229a7d6ea6135c90d/cffi-1.17.1.tar.gz", hash = "sha256:1c39c6016c32bc48dd54561950ebd6836e1670f2ae46128f67cf49e789c52824" }
wheels = [
    { url = "https://mirrors.aliyun.com/pypi/packages/8d/f8/dd6c246b148639254dad4d6803eb6a54e8c85c6e11ec9df2cffa87571dbe/cffi-1.17.1-cp313-cp313-macosx_10_13_x86_64.whl", hash = "sha256:f3a2b4222ce6b60e2e8b337bb9596923045681d71e5a082783484d845390938e" },
    { url = "https://mirrors.aliyun.com/pypi/packages/8b/f1/672d303ddf17c24fc83afd712316fda78dc6fce1cd53011b839483e1ecc8/cffi-1.17.1-cp313-cp313-macosx_11_0_arm64.whl", hash = "sha256:0984a4925a435b1da406122d4d7968dd861c1385afe3b45ba82b750f229811e2" },
    { url = "https://mirrors.aliyun.com/pypi/packages/0e/2d/eab2e858a91fdff70533cab61dcff4a1f55ec60425832ddfdc9cd36bc8af/cffi-1.17.1-cp313-cp313-manylinux_2_12_i686.manylinux2010_i686.manylinux_2_17_i686.manylinux2014_i686.whl", hash = "sha256:d01b12eeeb4427d3110de311e1774046ad344f5b1a7403101878976ecd7a10f3" },
    { url = "https://mirrors.aliyun.com/pypi/packages/75/b2/fbaec7c4455c604e29388d55599b99ebcc250a60050610fadde58932b7ee/cffi-1.17.1-cp313-cp313-manylinux_2_17_aarch64.manylinux2014_aarch64.whl", hash = "sha256:706510fe141c86a69c8ddc029c7910003a17353970cff3b904ff0686a5927683" },
    { url = "https://mirrors.aliyun.com/pypi/packages/4f/b7/6e4a2162178bf1935c336d4da8a9352cccab4d3a5d7914065490f08c0690/cffi-1.17.1-cp313-cp313-manylinux_2_17_ppc64le.manylinux2014_ppc64le.whl", hash = "sha256:de55b766c7aa2e2a3092c51e0483d700341182f08e67c63630d5b6f200bb28e5" },
    { url = "https://mirrors.aliyun.com/pypi/packages/c7/8a/1d0e4a9c26e54746dc08c2c6c037889124d4f59dffd853a659fa545f1b40/cffi-1.17.1-cp313-cp313-manylinux_2_17_s390x.manylinux2014_s390x.whl", hash = "sha256:c59d6e989d07460165cc5ad3c61f9fd8f1b4796eacbd81cee78957842b834af4" },
    { url = "https://mirrors.aliyun.com/pypi/packages/26/9f/1aab65a6c0db35f43c4d1b4f580e8df53914310afc10ae0397d29d697af4/cffi-1.17.1-cp313-cp313-manylinux_2_17_x86_64.manylinux2014_x86_64.whl", hash = "sha256:dd398dbc6773384a17fe0d3e7eeb8d1a21c2200473ee6806bb5e6a8e62bb73dd" },
    { url = "https://mirrors.aliyun.com/pypi/packages/5f/e4/fb8b3dd8dc0e98edf1135ff067ae070bb32ef9d509d6cb0f538cd6f7483f/cffi-1.17.1-cp313-cp313-musllinux_1_1_aarch64.whl", hash = "sha256:3edc8d958eb099c634dace3c7e16560ae474aa3803a5df240542b305d14e14ed" },
    { url = "https://mirrors.aliyun.com/pypi/packages/f1/47/d7145bf2dc04684935d57d67dff9d6d795b2ba2796806bb109864be3a151/cffi-1.17.1-cp313-cp313-musllinux_1_1_x86_64.whl", hash = "sha256:72e72408cad3d5419375fc87d289076ee319835bdfa2caad331e377589aebba9" },
    { url = "https://mirrors.aliyun.com/pypi/packages/bf/ee/f94057fa6426481d663b88637a9a10e859e492c73d0384514a17d78ee205/cffi-1.17.1-cp313-cp313-win32.whl", hash = "sha256:e03eab0a8677fa80d646b5ddece1cbeaf556c313dcfac435ba11f107ba117b5d" },
    { url = "https://mirrors.aliyun.com/pypi/packages/7c/fc/6a8cb64e5f0324877d503c854da15d76c1e50eb722e320b15345c4d0c6de/cffi-1.17.1-cp313-cp313-win_amd64.whl", hash = "sha256:f6a16c31041f09ead72d69f583767292f750d24913dadacf5756b966aacb3f1a" },
]

[[package]]
name = "clr-loader"
version = "0.2.7.post0"
source = { registry = "https://mirrors.aliyun.com/pypi/simple/" }
dependencies = [
    { name = "cffi" },
]
sdist = { url = "https://mirrors.aliyun.com/pypi/packages/d5/b3/8ae917e458394e2cebdbf17bed0a8204f8d4ffc79a093a7b1141c7731d3c/clr_loader-0.2.7.post0.tar.gz", hash = "sha256:b7a8b3f8fbb1bcbbb6382d887e21d1742d4f10b5ea209e4ad95568fe97e1c7c6" }
wheels = [
    { url = "https://mirrors.aliyun.com/pypi/packages/9c/c0/06e64a54bced4e8b885c1e7ec03ee1869e52acf69e87da40f92391a214ad/clr_loader-0.2.7.post0-py3-none-any.whl", hash = "sha256:e0b9fcc107d48347a4311a28ffe3ae78c4968edb216ffb6564cb03f7ace0bb47" },
]

[[package]]
name = "dbus-fast"
version = "2.44.3"
source = { registry = "https://mirrors.aliyun.com/pypi/simple/" }
sdist = { url = "https://mirrors.aliyun.com/pypi/packages/00/f2/8a3f2345452f4aa8e9899544ba6dfdf699cef39ecfb04238fdad381451c8/dbus_fast-2.44.3.tar.gz", hash = "sha256:962b36abbe885159e31135c57a7d9659997c61a13d55ecb070a61dc502dbd87e" }
wheels = [
    { url = "https://mirrors.aliyun.com/pypi/packages/ca/cf/e4ae27e14e470b84827848694836e8fae0c386162d98e43f891783c0abc8/dbus_fast-2.44.3-cp313-cp313-manylinux_2_17_aarch64.manylinux2014_aarch64.whl", hash = "sha256:da0910f813350b951efe4964a19d7f4aaf253b6c1021b0d68340160a990dc2fc" },
    { url = "https://mirrors.aliyun.com/pypi/packages/ba/88/6d8b0d0d274fd944a5c9506e559a38b7020884fd4250ee31e9fdb279c80f/dbus_fast-2.44.3-cp313-cp313-manylinux_2_17_i686.manylinux_2_5_i686.manylinux1_i686.manylinux2014_i686.whl", hash = "sha256:253ad2417b0651ba32325661bb559228ceaedea9fb75d238972087a5f66551fd" },
    { url = "https://mirrors.aliyun.com/pypi/packages/67/f0/4306e52ea702fe79be160f333ed84af111d725c75605b1ca7286f7df69f8/dbus_fast-2.44.3-cp313-cp313-manylinux_2_17_x86_64.manylinux2014_x86_64.whl", hash = "sha256:ebb4c56bef8f69e4e2606eb29a5c137ba448cf7d6958f4f2fba263d74623bd06" },
    { url = "https://mirrors.aliyun.com/pypi/packages/78/c8/b45ff0a015f606c1998df2070967f016f873d4087845af14fd3d01303b0b/dbus_fast-2.44.3-cp313-cp313-manylinux_2_36_x86_64.whl", hash = "sha256:6e0a6a27a1f53b32259d0789bca6f53decd88dec52722cac9a93327f8b7670c3" },
    { url = "https://mirrors.aliyun.com/pypi/packages/6f/4f/344bd7247b74b4af0562cf01be70832af62bd1495c6796125ea944d2a909/dbus_fast-2.44.3-cp313-cp313-musllinux_1_2_aarch64.whl", hash = "sha256:2a990390c5d019e8e4d41268a3ead0eb6e48e977173d7685b0f5b5b3d0695c2f" },
    { url = "https://mirrors.aliyun.com/pypi/packages/43/26/ec514f6e882975d4c40e88cf88b0240952f9cf425aebdd59081afa7f6ad2/dbus_fast-2.44.3-cp313-cp313-musllinux_1_2_i686.whl", hash = "sha256:5aca3c940eddb99f19bd3f0c6c50cd566fd98396dd9516d35dbf12af25b7a2c6" },
    { url = "https://mirrors.aliyun.com/pypi/packages/3b/e3/cb514104c0e98aa0514e4f09e5c16e78585e11dae392d501b742a92843c5/dbus_fast-2.44.3-cp313-cp313-musllinux_1_2_x86_64.whl", hash = "sha256:0046e74c25b79ffb6ea5b07f33b5da0bdc2a75ad6aede3f7836654485239121d" },
]

[[package]]
name = "dynaconf"
version = "3.2.11"
source = { registry = "https://mirrors.aliyun.com/pypi/simple/" }
sdist = { url = "https://mirrors.aliyun.com/pypi/packages/62/eb/e9d1249ff56b11e63fd8c7d0fcc1f94704e21693c16862bf0ebfb07bd61a/dynaconf-3.2.11.tar.gz", hash = "sha256:4cfc6a730c533bf1a1d0bf266ae202133a22236bb3227d23eff4b8542d4034a5" }
wheels = [
    { url = "https://mirrors.aliyun.com/pypi/packages/36/64/580c74003a356c5662e7b1da43ecd7cbda6e8f970c87b30c5a654c8ccb53/dynaconf-3.2.11-py2.py3-none-any.whl", hash = "sha256:660de90879d4da236f79195692a7d197957224d7acf922bcc6899187dc7b4a27" },
]

[[package]]
name = "hardwaremonitor"
version = "1.0.0"
source = { registry = "https://mirrors.aliyun.com/pypi/simple/" }
dependencies = [
    { name = "pythonnet" },
]
sdist = { url = "https://mirrors.aliyun.com/pypi/packages/11/59/22cd1a33464db6d6c6d45bff83a57d0590517f8259311950432f4fe11bef/hardwaremonitor-1.0.0.tar.gz", hash = "sha256:9db2de2a01d2d12342f4809bd6e0b0c2f3b2167dfb36d93243d6a49f884a75f5" }
wheels = [
    { url = "https://mirrors.aliyun.com/pypi/packages/f8/6a/28dedd86cd6e7c37408b41301d519d11b343a969bf8a9ecd88f5ed8e4b69/HardwareMonitor-1.0.0-py3-none-any.whl", hash = "sha256:61b8d9335f411c085c0b2ff5546256586dfdf7ebc4676bc0c74be623d5a4aecd" },
]

[[package]]
name = "ledmonitor"
version = "0.1.0"
source = { virtual = "." }
dependencies = [
    { name = "argparse" },
    { name = "bleak" },
    { name = "dynaconf" },
    { name = "hardwaremonitor" },
    { name = "pydantic" },
    { name = "pyinstaller" },
    { name = "pywin32" },
    { name = "toml" },
]

[package.metadata]
requires-dist = [
    { name = "argparse", specifier = ">=1.4.0" },
    { name = "bleak", specifier = ">=1.1.0" },
    { name = "dynaconf", specifier = ">=3.2.0" },
    { name = "hardwaremonitor", specifier = ">=1.0.0" },
    { name = "pydantic", specifier = ">=2.11.7" },
    { name = "pyinstaller", specifier = ">=6.15.0" },
    { name = "pywin32", specifier = ">=311" },
    { name = "toml", specifier = ">=0.10.2" },
]

[[package]]
name = "macholib"
version = "1.16.3"
source = { registry = "https://mirrors.aliyun.com/pypi/simple/" }
dependencies = [
    { name = "altgraph" },
]
sdist = { url = "https://mirrors.aliyun.com/pypi/packages/95/ee/af1a3842bdd5902ce133bd246eb7ffd4375c38642aeb5dc0ae3a0329dfa2/macholib-1.16.3.tar.gz", hash = "sha256:07ae9e15e8e4cd9a788013d81f5908b3609aa76f9b1421bae9c4d7606ec86a30" }
wheels = [
    { url = "https://mirrors.aliyun.com/pypi/packages/d1/5d/c059c180c84f7962db0aeae7c3b9303ed1d73d76f2bfbc32bc231c8be314/macholib-1.16.3-py2.py3-none-any.whl", hash = "sha256:0e315d7583d38b8c77e815b1ecbdbf504a8258d8b3e17b61165c6feb60d18f2c" },
]

[[package]]
name = "packaging"
version = "25.0"
source = { registry = "https://mirrors.aliyun.com/pypi/simple/" }
sdist = { url = "https://mirrors.aliyun.com/pypi/packages/a1/d4/1fc4078c65507b51b96ca8f8c3ba19e6a61c8253c72794544580a7b6c24d/packaging-25.0.tar.gz", hash = "sha256:d443872c98d677bf60f6a1f2f8c1cb748e8fe762d2bf9d3148b5599295b0fc4f" }
wheels = [
    { url = "https://mirrors.aliyun.com/pypi/packages/20/12/38679034af332785aac8774540895e234f4d07f7545804097de4b666afd8/packaging-25.0-py3-none-any.whl", hash = "sha256:29572ef2b1f17581046b3a2227d5c611fb25ec70ca1ba8554b24b0e69331a484" },
]

[[package]]
name = "pefile"
version = "2023.2.7"
source = { registry = "https://mirrors.aliyun.com/pypi/simple/" }
sdist = { url = "https://mirrors.aliyun.com/pypi/packages/78/c5/3b3c62223f72e2360737fd2a57c30e5b2adecd85e70276879609a7403334/pefile-2023.2.7.tar.gz", hash = "sha256:82e6114004b3d6911c77c3953e3838654b04511b8b66e8583db70c65998017dc" }
wheels = [
    { url = "https://mirrors.aliyun.com/pypi/packages/55/26/d0ad8b448476d0a1e8d3ea5622dc77b916db84c6aa3cb1e1c0965af948fc/pefile-2023.2.7-py3-none-any.whl", hash = "sha256:da185cd2af68c08a6cd4481f7325ed600a88f6a813bad9dea07ab3ef73d8d8d6" },
]

[[package]]
name = "pycparser"
version = "2.22"
source = { registry = "https://mirrors.aliyun.com/pypi/simple/" }
sdist = { url = "https://mirrors.aliyun.com/pypi/packages/1d/b2/31537cf4b1ca988837256c910a668b553fceb8f069bedc4b1c826024b52c/pycparser-2.22.tar.gz", hash = "sha256:491c8be9c040f5390f5bf44a5b07752bd07f56edf992381b05c701439eec10f6" }
wheels = [
    { url = "https://mirrors.aliyun.com/pypi/packages/13/a3/a812df4e2dd5696d1f351d58b8fe16a405b234ad2886a0dab9183fb78109/pycparser-2.22-py3-none-any.whl", hash = "sha256:c3702b6d3dd8c7abc1afa565d7e63d53a1d0bd86cdc24edd75470f4de499cfcc" },
]

[[package]]
name = "pydantic"
version = "2.11.7"
source = { registry = "https://mirrors.aliyun.com/pypi/simple/" }
dependencies = [
    { name = "annotated-types" },
    { name = "pydantic-core" },
    { name = "typing-extensions" },
    { name = "typing-inspection" },
]
sdist = { url = "https://mirrors.aliyun.com/pypi/packages/00/dd/4325abf92c39ba8623b5af936ddb36ffcfe0beae70405d456ab1fb2f5b8c/pydantic-2.11.7.tar.gz", hash = "sha256:d989c3c6cb79469287b1569f7447a17848c998458d49ebe294e975b9baf0f0db" }
wheels = [
    { url = "https://mirrors.aliyun.com/pypi/packages/6a/c0/ec2b1c8712ca690e5d61979dee872603e92b8a32f94cc1b72d53beab008a/pydantic-2.11.7-py3-none-any.whl", hash = "sha256:dde5df002701f6de26248661f6835bbe296a47bf73990135c7d07ce741b9623b" },
]

[[package]]
name = "pydantic-core"
version = "2.33.2"
source = { registry = "https://mirrors.aliyun.com/pypi/simple/" }
dependencies = [
    { name = "typing-extensions" },
]
sdist = { url = "https://mirrors.aliyun.com/pypi/packages/ad/88/5f2260bdfae97aabf98f1778d43f69574390ad787afb646292a638c923d4/pydantic_core-2.33.2.tar.gz", hash = "sha256:7cb8bc3605c29176e1b105350d2e6474142d7c1bd1d9327c4a9bdb46bf827acc" }
wheels = [
    { url = "https://mirrors.aliyun.com/pypi/packages/46/8c/99040727b41f56616573a28771b1bfa08a3d3fe74d3d513f01251f79f172/pydantic_core-2.33.2-cp313-cp313-macosx_10_12_x86_64.whl", hash = "sha256:1082dd3e2d7109ad8b7da48e1d4710c8d06c253cbc4a27c1cff4fbcaa97a9e3f" },
    { url = "https://mirrors.aliyun.com/pypi/packages/3a/cc/5999d1eb705a6cefc31f0b4a90e9f7fc400539b1a1030529700cc1b51838/pydantic_core-2.33.2-cp313-cp313-macosx_11_0_arm64.whl", hash = "sha256:f517ca031dfc037a9c07e748cefd8d96235088b83b4f4ba8939105d20fa1dcd6" },
    { url = "https://mirrors.aliyun.com/pypi/packages/6f/5e/a0a7b8885c98889a18b6e376f344da1ef323d270b44edf8174d6bce4d622/pydantic_core-2.33.2-cp313-cp313-manylinux_2_17_aarch64.manylinux2014_aarch64.whl", hash = "sha256:0a9f2c9dd19656823cb8250b0724ee9c60a82f3cdf68a080979d13092a3b0fef" },
    { url = "https://mirrors.aliyun.com/pypi/packages/3b/2a/953581f343c7d11a304581156618c3f592435523dd9d79865903272c256a/pydantic_core-2.33.2-cp313-cp313-manylinux_2_17_armv7l.manylinux2014_armv7l.whl", hash = "sha256:2b0a451c263b01acebe51895bfb0e1cc842a5c666efe06cdf13846c7418caa9a" },
    { url = "https://mirrors.aliyun.com/pypi/packages/e6/55/f1a813904771c03a3f97f676c62cca0c0a4138654107c1b61f19c644868b/pydantic_core-2.33.2-cp313-cp313-manylinux_2_17_ppc64le.manylinux2014_ppc64le.whl", hash = "sha256:1ea40a64d23faa25e62a70ad163571c0b342b8bf66d5fa612ac0dec4f069d916" },
    { url = "https://mirrors.aliyun.com/pypi/packages/aa/c3/053389835a996e18853ba107a63caae0b9deb4a276c6b472931ea9ae6e48/pydantic_core-2.33.2-cp313-cp313-manylinux_2_17_s390x.manylinux2014_s390x.whl", hash = "sha256:0fb2d542b4d66f9470e8065c5469ec676978d625a8b7a363f07d9a501a9cb36a" },
    { url = "https://mirrors.aliyun.com/pypi/packages/eb/3c/f4abd740877a35abade05e437245b192f9d0ffb48bbbbd708df33d3cda37/pydantic_core-2.33.2-cp313-cp313-manylinux_2_17_x86_64.manylinux2014_x86_64.whl", hash = "sha256:9fdac5d6ffa1b5a83bca06ffe7583f5576555e6c8b3a91fbd25ea7780f825f7d" },
    { url = "https://mirrors.aliyun.com/pypi/packages/59/a7/63ef2fed1837d1121a894d0ce88439fe3e3b3e48c7543b2a4479eb99c2bd/pydantic_core-2.33.2-cp313-cp313-manylinux_2_5_i686.manylinux1_i686.whl", hash = "sha256:04a1a413977ab517154eebb2d326da71638271477d6ad87a769102f7c2488c56" },
    { url = "https://mirrors.aliyun.com/pypi/packages/04/8f/2551964ef045669801675f1cfc3b0d74147f4901c3ffa42be2ddb1f0efc4/pydantic_core-2.33.2-cp313-cp313-musllinux_1_1_aarch64.whl", hash = "sha256:c8e7af2f4e0194c22b5b37205bfb293d166a7344a5b0d0eaccebc376546d77d5" },
    { url = "https://mirrors.aliyun.com/pypi/packages/26/bd/d9602777e77fc6dbb0c7db9ad356e9a985825547dce5ad1d30ee04903918/pydantic_core-2.33.2-cp313-cp313-musllinux_1_1_armv7l.whl", hash = "sha256:5c92edd15cd58b3c2d34873597a1e20f13094f59cf88068adb18947df5455b4e" },
    { url = "https://mirrors.aliyun.com/pypi/packages/42/db/0e950daa7e2230423ab342ae918a794964b053bec24ba8af013fc7c94846/pydantic_core-2.33.2-cp313-cp313-musllinux_1_1_x86_64.whl", hash = "sha256:65132b7b4a1c0beded5e057324b7e16e10910c106d43675d9bd87d4f38dde162" },
    { url = "https://mirrors.aliyun.com/pypi/packages/58/4d/4f937099c545a8a17eb52cb67fe0447fd9a373b348ccfa9a87f141eeb00f/pydantic_core-2.33.2-cp313-cp313-win32.whl", hash = "sha256:52fb90784e0a242bb96ec53f42196a17278855b0f31ac7c3cc6f5c1ec4811849" },
    { url = "https://mirrors.aliyun.com/pypi/packages/a0/75/4a0a9bac998d78d889def5e4ef2b065acba8cae8c93696906c3a91f310ca/pydantic_core-2.33.2-cp313-cp313-win_amd64.whl", hash = "sha256:c083a3bdd5a93dfe480f1125926afcdbf2917ae714bdb80b36d34318b2bec5d9" },
    { url = "https://mirrors.aliyun.com/pypi/packages/f9/86/1beda0576969592f1497b4ce8e7bc8cbdf614c352426271b1b10d5f0aa64/pydantic_core-2.33.2-cp313-cp313-win_arm64.whl", hash = "sha256:e80b087132752f6b3d714f041ccf74403799d3b23a72722ea2e6ba2e892555b9" },
    { url = "https://mirrors.aliyun.com/pypi/packages/a4/7d/e09391c2eebeab681df2b74bfe6c43422fffede8dc74187b2b0bf6fd7571/pydantic_core-2.33.2-cp313-cp313t-macosx_11_0_arm64.whl", hash = "sha256:61c18fba8e5e9db3ab908620af374db0ac1baa69f0f32df4f61ae23f15e586ac" },
    { url = "https://mirrors.aliyun.com/pypi/packages/f1/3d/847b6b1fed9f8ed3bb95a9ad04fbd0b212e832d4f0f50ff4d9ee5a9f15cf/pydantic_core-2.33.2-cp313-cp313t-manylinux_2_17_x86_64.manylinux2014_x86_64.whl", hash = "sha256:95237e53bb015f67b63c91af7518a62a8660376a6a0db19b89acc77a4d6199f5" },
    { url = "https://mirrors.aliyun.com/pypi/packages/6f/9a/e73262f6c6656262b5fdd723ad90f518f579b7bc8622e43a942eec53c938/pydantic_core-2.33.2-cp313-cp313t-win_amd64.whl", hash = "sha256:c2fc0a768ef76c15ab9238afa6da7f69895bb5d1ee83aeea2e3509af4472d0b9" },
]

[[package]]
name = "pyinstaller"
version = "6.15.0"
source = { registry = "https://mirrors.aliyun.com/pypi/simple/" }
dependencies = [
    { name = "altgraph" },
    { name = "macholib", marker = "sys_platform == 'darwin'" },
    { name = "packaging" },
    { name = "pefile", marker = "sys_platform == 'win32'" },
    { name = "pyinstaller-hooks-contrib" },
    { name = "pywin32-ctypes", marker = "sys_platform == 'win32'" },
    { name = "setuptools" },
]
sdist = { url = "https://mirrors.aliyun.com/pypi/packages/64/17/b2bb4de22650adbeef401fa82a1b43028976547a8728602e4d29735b455e/pyinstaller-6.15.0.tar.gz", hash = "sha256:a48fc4644ee4aa2aa2a35e7b51f496f8fbd7eecf6a2150646bbf1613ad07bc2d" }
wheels = [
    { url = "https://mirrors.aliyun.com/pypi/packages/24/dd/d5c8a127446adda954f68ea7fac22772f7ab8656ad4b06df396d82574ca9/pyinstaller-6.15.0-py3-none-macosx_10_13_universal2.whl", hash = "sha256:9f00c71c40148cd1e61695b2c6f1e086693d3bcf9bfa22ab513aa4254c3b966f" },
    { url = "https://mirrors.aliyun.com/pypi/packages/2d/2a/7b50593b419db43e48d9bdeebaac0ff92a5fe035f3c30f87ca3e1650d7e2/pyinstaller-6.15.0-py3-none-manylinux2014_aarch64.whl", hash = "sha256:cbcc8eb77320c60722030ac875883b564e00768fe3ff1721c7ba3ad0e0a277e9" },
    { url = "https://mirrors.aliyun.com/pypi/packages/77/83/7f498fba0154c57eb5fc93eb9680a2dbadb9f780a3389fb85b8d79683378/pyinstaller-6.15.0-py3-none-manylinux2014_i686.whl", hash = "sha256:c33e6302bc53db2df1104ed5566bd980b3e0ee7f18416a6e3caa908c12a54542" },
    { url = "https://mirrors.aliyun.com/pypi/packages/09/d6/e4477feab7c8379fb49e7ec95c82d0a69ad88f6ccc247f76bef3cb0e3432/pyinstaller-6.15.0-py3-none-manylinux2014_ppc64le.whl", hash = "sha256:eb902d0fed3bb1f8b7190dc4df5c11f3b59505767e0d56d1ed782b853938bbf3" },
    { url = "https://mirrors.aliyun.com/pypi/packages/32/7e/ff25648276f15e2e77fc563d36d8cfcd917e077bf2a172420df3588601b4/pyinstaller-6.15.0-py3-none-manylinux2014_s390x.whl", hash = "sha256:b4df862adae7cf1f08eff53c43ace283822447f7f528f72e4f94749062712f15" },
    { url = "https://mirrors.aliyun.com/pypi/packages/db/3d/267a7dddd0647de95d260780050ccd8228ab29d2b9edea54ed1f56800967/pyinstaller-6.15.0-py3-none-manylinux2014_x86_64.whl", hash = "sha256:b9ebf16ed0f99016ae8ae5746dee4cb244848a12941539e62ce2eea1df5a3f95" },
    { url = "https://mirrors.aliyun.com/pypi/packages/4d/61/962b2eb79ef225233e2d6e04600e998935328011dfb2fa775b1dd16b943a/pyinstaller-6.15.0-py3-none-musllinux_1_1_aarch64.whl", hash = "sha256:22193489e6a22435417103f61e7950363bba600ef36ec3ab1487303668c81092" },
    { url = "https://mirrors.aliyun.com/pypi/packages/67/5e/4e20e1c0e5791b09b69bef3ac921fd0cd25551b56879324ad999b92fa045/pyinstaller-6.15.0-py3-none-musllinux_1_1_x86_64.whl", hash = "sha256:18f743069849dbaee3e10900385f35795a5743eabab55e99dcc42f204e40a0db" },
    { url = "https://mirrors.aliyun.com/pypi/packages/88/31/28956c534991f289e2f981c715730b6241e75dc6295737a8cbd050a0cc8c/pyinstaller-6.15.0-py3-none-win32.whl", hash = "sha256:60da8f1b5071766b45c0f607d8bc3d7e59ba2c3b262d08f2e4066ba65f3544a2" },
    { url = "https://mirrors.aliyun.com/pypi/packages/09/ab/6a45186c7f8e34c422faecd72580116a67d068158c57faa2d2f6d01faa7f/pyinstaller-6.15.0-py3-none-win_amd64.whl", hash = "sha256:cbea297e16eeda30b41c300d6ec2fd2abea4dbd8d8a32650eeec36431c94fcd9" },
    { url = "https://mirrors.aliyun.com/pypi/packages/5b/86/72159af032b9db36f2470a3b085f79277ec1c38e7e48f8c5dc1ed16dc4e1/pyinstaller-6.15.0-py3-none-win_arm64.whl", hash = "sha256:f43c035621742cf2d19b84308c60e4e44e72c94786d176b8f6adcde351b5bd98" },
]

[[package]]
name = "pyinstaller-hooks-contrib"
version = "2025.8"
source = { registry = "https://mirrors.aliyun.com/pypi/simple/" }
dependencies = [
    { name = "packaging" },
    { name = "setuptools" },
]
sdist = { url = "https://mirrors.aliyun.com/pypi/packages/71/d6/e5b378b7d4add8c879295c531309b0320e9c07a70458665d091760ffdc87/pyinstaller_hooks_contrib-2025.8.tar.gz", hash = "sha256:3402ad41dfe9b5110af134422e37fc5d421ba342c6cb980bd67cb30b7415641c" }
wheels = [
    { url = "https://mirrors.aliyun.com/pypi/packages/48/34/1d973d0dae849683e53fbcda84443ce016f315e6f4dc7605ede4f56a28c3/pyinstaller_hooks_contrib-2025.8-py3-none-any.whl", hash = "sha256:8d0b8cfa0cb689a619294ae200497374234bd4e3994b3ace2a4442274c899064" },
]

[[package]]
name = "pyobjc-core"
version = "11.1"
source = { registry = "https://mirrors.aliyun.com/pypi/simple/" }
sdist = { url = "https://mirrors.aliyun.com/pypi/packages/e8/e9/0b85c81e2b441267bca707b5d89f56c2f02578ef8f3eafddf0e0c0b8848c/pyobjc_core-11.1.tar.gz", hash = "sha256:b63d4d90c5df7e762f34739b39cc55bc63dbcf9fb2fb3f2671e528488c7a87fe" }
wheels = [
    { url = "https://mirrors.aliyun.com/pypi/packages/c5/24/12e4e2dae5f85fd0c0b696404ed3374ea6ca398e7db886d4f1322eb30799/pyobjc_core-11.1-cp313-cp313-macosx_10_13_universal2.whl", hash = "sha256:18986f83998fbd5d3f56d8a8428b2f3e0754fd15cef3ef786ca0d29619024f2c" },
    { url = "https://mirrors.aliyun.com/pypi/packages/f7/79/031492497624de4c728f1857181b06ce8c56444db4d49418fa459cba217c/pyobjc_core-11.1-cp313-cp313t-macosx_10_13_universal2.whl", hash = "sha256:8849e78cfe6595c4911fbba29683decfb0bf57a350aed8a43316976ba6f659d2" },
    { url = "https://mirrors.aliyun.com/pypi/packages/ed/7d/6169f16a0c7ec15b9381f8bf33872baf912de2ef68d96c798ca4c6ee641f/pyobjc_core-11.1-cp314-cp314-macosx_11_0_universal2.whl", hash = "sha256:8cb9ed17a8d84a312a6e8b665dd22393d48336ea1d8277e7ad20c19a38edf731" },
    { url = "https://mirrors.aliyun.com/pypi/packages/49/0f/f5ab2b0e57430a3bec9a62b6153c0e79c05a30d77b564efdb9f9446eeac5/pyobjc_core-11.1-cp314-cp314t-macosx_11_0_universal2.whl", hash = "sha256:f2455683e807f8541f0d83fbba0f5d9a46128ab0d5cc83ea208f0bec759b7f96" },
]

[[package]]
name = "pyobjc-framework-cocoa"
version = "11.1"
source = { registry = "https://mirrors.aliyun.com/pypi/simple/" }
dependencies = [
    { name = "pyobjc-core" },
]
sdist = { url = "https://mirrors.aliyun.com/pypi/packages/4b/c5/7a866d24bc026f79239b74d05e2cf3088b03263da66d53d1b4cf5207f5ae/pyobjc_framework_cocoa-11.1.tar.gz", hash = "sha256:87df76b9b73e7ca699a828ff112564b59251bb9bbe72e610e670a4dc9940d038" }
wheels = [
    { url = "https://mirrors.aliyun.com/pypi/packages/4e/0b/a01477cde2a040f97e226f3e15e5ffd1268fcb6d1d664885a95ba592eca9/pyobjc_framework_cocoa-11.1-cp313-cp313-macosx_10_13_universal2.whl", hash = "sha256:54e93e1d9b0fc41c032582a6f0834befe1d418d73893968f3f450281b11603da" },
    { url = "https://mirrors.aliyun.com/pypi/packages/bc/e6/64cf2661f6ab7c124d0486ec6d1d01a9bb2838a0d2a46006457d8c5e6845/pyobjc_framework_cocoa-11.1-cp313-cp313t-macosx_10_13_universal2.whl", hash = "sha256:fd5245ee1997d93e78b72703be1289d75d88ff6490af94462b564892e9266350" },
    { url = "https://mirrors.aliyun.com/pypi/packages/33/87/01e35c5a3c5bbdc93d5925366421e10835fcd7b23347b6c267df1b16d0b3/pyobjc_framework_cocoa-11.1-cp314-cp314-macosx_11_0_universal2.whl", hash = "sha256:aede53a1afc5433e1e7d66568cc52acceeb171b0a6005407a42e8e82580b4fc0" },
    { url = "https://mirrors.aliyun.com/pypi/packages/c1/7c/54afe9ffee547c41e1161691e72067a37ed27466ac71c089bfdcd07ca70d/pyobjc_framework_cocoa-11.1-cp314-cp314t-macosx_11_0_universal2.whl", hash = "sha256:1b5de4e1757bb65689d6dc1f8d8717de9ec8587eb0c4831c134f13aba29f9b71" },
]

[[package]]
name = "pyobjc-framework-corebluetooth"
version = "11.1"
source = { registry = "https://mirrors.aliyun.com/pypi/simple/" }
dependencies = [
    { name = "pyobjc-core" },
    { name = "pyobjc-framework-cocoa" },
]
sdist = { url = "https://mirrors.aliyun.com/pypi/packages/3d/fe/2081dfd9413b7b4d719935c33762fbed9cce9dc06430f322d1e2c9dbcd91/pyobjc_framework_corebluetooth-11.1.tar.gz", hash = "sha256:1deba46e3fcaf5e1c314f4bbafb77d9fe49ec248c493ad00d8aff2df212d6190" }
wheels = [
    { url = "https://mirrors.aliyun.com/pypi/packages/3e/b5/d07cfa229e3fa0cd1cdaa385774c41907941d25b693cf55ad92e8584a3b3/pyobjc_framework_corebluetooth-11.1-cp313-cp313-macosx_10_13_universal2.whl", hash = "sha256:992404b03033ecf637e9174caed70cb22fd1be2a98c16faa699217678e62a5c7" },
    { url = "https://mirrors.aliyun.com/pypi/packages/7a/10/476bca43002a6d009aed956d5ed3f3867c8d1dcd085dde8989be7020c495/pyobjc_framework_corebluetooth-11.1-cp313-cp313t-macosx_10_13_universal2.whl", hash = "sha256:ebb8648f5e33d98446eb1d6c4654ba4fcc15d62bfcb47fa3bbd5596f6ecdb37c" },
    { url = "https://mirrors.aliyun.com/pypi/packages/b0/49/6c050dffb9acc49129da54718c545bc5062f61a389ebaa4727bc3ef0b5a9/pyobjc_framework_corebluetooth-11.1-cp314-cp314-macosx_11_0_universal2.whl", hash = "sha256:e84cbf52006a93d937b90421ada0bc4a146d6d348eb40ae10d5bd2256cc92206" },
    { url = "https://mirrors.aliyun.com/pypi/packages/36/15/9068e8cb108e19e8e86cbf50026bb4c509d85a5d55e2d4c36e292be94337/pyobjc_framework_corebluetooth-11.1-cp314-cp314t-macosx_11_0_universal2.whl", hash = "sha256:4da1106265d7efd3f726bacdf13ba9528cc380fb534b5af38b22a397e6908291" },
]

[[package]]
name = "pyobjc-framework-libdispatch"
version = "11.1"
source = { registry = "https://mirrors.aliyun.com/pypi/simple/" }
dependencies = [
    { name = "pyobjc-core" },
    { name = "pyobjc-framework-cocoa" },
]
sdist = { url = "https://mirrors.aliyun.com/pypi/packages/be/89/7830c293ba71feb086cb1551455757f26a7e2abd12f360d375aae32a4d7d/pyobjc_framework_libdispatch-11.1.tar.gz", hash = "sha256:11a704e50a0b7dbfb01552b7d686473ffa63b5254100fdb271a1fe368dd08e87" }
wheels = [
    { url = "https://mirrors.aliyun.com/pypi/packages/0f/10/5851b68cd85b475ff1da08e908693819fd9a4ff07c079da9b0b6dbdaca9c/pyobjc_framework_libdispatch-11.1-cp313-cp313-macosx_10_13_universal2.whl", hash = "sha256:c4e219849f5426745eb429f3aee58342a59f81e3144b37aa20e81dacc6177de1" },
    { url = "https://mirrors.aliyun.com/pypi/packages/1b/79/f905f22b976e222a50d49e85fbd7f32d97e8790dd80a55f3f0c305305c32/pyobjc_framework_libdispatch-11.1-cp313-cp313t-macosx_10_13_universal2.whl", hash = "sha256:a9357736cb47b4a789f59f8fab9b0d10b0a9c84f9876367c398718d3de085888" },
    { url = "https://mirrors.aliyun.com/pypi/packages/ee/b0/225a3645ba2711c3122eec3e857ea003646643b4122bd98db2a8831740ff/pyobjc_framework_libdispatch-11.1-cp314-cp314-macosx_11_0_universal2.whl", hash = "sha256:cd08f32ea7724906ef504a0fd40a32e2a0be4d64b9239530a31767ca9ccfc921" },
    { url = "https://mirrors.aliyun.com/pypi/packages/e2/b5/ff49fb81f13c7ec48cd7ccad66e1986ccc6aa1984e04f4a78074748f7926/pyobjc_framework_libdispatch-11.1-cp314-cp314t-macosx_11_0_universal2.whl", hash = "sha256:5d9985b0e050cae72bf2c6a1cc8180ff4fa3a812cd63b2dc59e09c6f7f6263a1" },
]

[[package]]
name = "pythonnet"
version = "3.0.5"
source = { registry = "https://mirrors.aliyun.com/pypi/simple/" }
dependencies = [
    { name = "clr-loader" },
]
sdist = { url = "https://mirrors.aliyun.com/pypi/packages/9a/d6/1afd75edd932306ae9bd2c2d961d603dc2b52fcec51b04afea464f1f6646/pythonnet-3.0.5.tar.gz", hash = "sha256:48e43ca463941b3608b32b4e236db92d8d40db4c58a75ace902985f76dac21cf" }
wheels = [
    { url = "https://mirrors.aliyun.com/pypi/packages/cd/f1/bfb6811df4745f92f14c47a29e50e89a36b1533130fcc56452d4660bd2d6/pythonnet-3.0.5-py3-none-any.whl", hash = "sha256:f6702d694d5d5b163c9f3f5cc34e0bed8d6857150237fae411fefb883a656d20" },
]

[[package]]
name = "pywin32"
version = "311"
source = { registry = "https://mirrors.aliyun.com/pypi/simple/" }
wheels = [
    { url = "https://mirrors.aliyun.com/pypi/packages/a5/be/3fd5de0979fcb3994bfee0d65ed8ca9506a8a1260651b86174f6a86f52b3/pywin32-311-cp313-cp313-win32.whl", hash = "sha256:f95ba5a847cba10dd8c4d8fefa9f2a6cf283b8b88ed6178fa8a6c1ab16054d0d" },
    { url = "https://mirrors.aliyun.com/pypi/packages/e3/28/e0a1909523c6890208295a29e05c2adb2126364e289826c0a8bc7297bd5c/pywin32-311-cp313-cp313-win_amd64.whl", hash = "sha256:718a38f7e5b058e76aee1c56ddd06908116d35147e133427e59a3983f703a20d" },
    { url = "https://mirrors.aliyun.com/pypi/packages/04/bf/90339ac0f55726dce7d794e6d79a18a91265bdf3aa70b6b9ca52f35e022a/pywin32-311-cp313-cp313-win_arm64.whl", hash = "sha256:7b4075d959648406202d92a2310cb990fea19b535c7f4a78d3f5e10b926eeb8a" },
    { url = "https://mirrors.aliyun.com/pypi/packages/c9/31/097f2e132c4f16d99a22bfb777e0fd88bd8e1c634304e102f313af69ace5/pywin32-311-cp314-cp314-win32.whl", hash = "sha256:b7a2c10b93f8986666d0c803ee19b5990885872a7de910fc460f9b0c2fbf92ee" },
    { url = "https://mirrors.aliyun.com/pypi/packages/90/4b/07c77d8ba0e01349358082713400435347df8426208171ce297da32c313d/pywin32-311-cp314-cp314-win_amd64.whl", hash = "sha256:3aca44c046bd2ed8c90de9cb8427f581c479e594e99b5c0bb19b29c10fd6cb87" },
    { url = "https://mirrors.aliyun.com/pypi/packages/c0/d2/21af5c535501a7233e734b8af901574572da66fcc254cb35d0609c9080dd/pywin32-311-cp314-cp314-win_arm64.whl", hash = "sha256:a508e2d9025764a8270f93111a970e1d0fbfc33f4153b388bb649b7eec4f9b42" },
]

[[package]]
name = "pywin32-ctypes"
version = "0.2.3"
source = { registry = "https://mirrors.aliyun.com/pypi/simple/" }
sdist = { url = "https://mirrors.aliyun.com/pypi/packages/85/9f/01a1a99704853cb63f253eea009390c88e7131c67e66a0a02099a8c917cb/pywin32-ctypes-0.2.3.tar.gz", hash = "sha256:d162dc04946d704503b2edc4d55f3dba5c1d539ead017afa00142c38b9885755" }
wheels = [
    { url = "https://mirrors.aliyun.com/pypi/packages/de/3d/8161f7711c017e01ac9f008dfddd9410dff3674334c233bde66e7ba65bbf/pywin32_ctypes-0.2.3-py3-none-any.whl", hash = "sha256:8a1513379d709975552d202d942d9837758905c8d01eb82b8bcc30918929e7b8" },
]

[[package]]
name = "setuptools"
version = "80.9.0"
source = { registry = "https://mirrors.aliyun.com/pypi/simple/" }
sdist = { url = "https://mirrors.aliyun.com/pypi/packages/18/5d/3bf57dcd21979b887f014ea83c24ae194cfcd12b9e0fda66b957c69d1fca/setuptools-80.9.0.tar.gz", hash = "sha256:f36b47402ecde768dbfafc46e8e4207b4360c654f1f3bb84475f0a28628fb19c" }
wheels = [
    { url = "https://mirrors.aliyun.com/pypi/packages/a3/dc/17031897dae0efacfea57dfd3a82fdd2a2aeb58e0ff71b77b87e44edc772/setuptools-80.9.0-py3-none-any.whl", hash = "sha256:062d34222ad13e0cc312a4c02d73f059e86a4acbfbdea8f8f76b28c99f306922" },
]

[[package]]
name = "toml"
version = "0.10.2"
source = { registry = "https://mirrors.aliyun.com/pypi/simple/" }
sdist = { url = "https://mirrors.aliyun.com/pypi/packages/be/ba/1f744cdc819428fc6b5084ec34d9b30660f6f9daaf70eead706e3203ec3c/toml-0.10.2.tar.gz", hash = "sha256:b3bda1d108d5dd99f4a20d24d9c348e91c4db7ab1b749200bded2f839ccbe68f" }
wheels = [
    { url = "https://mirrors.aliyun.com/pypi/packages/44/6f/7120676b6d73228c96e17f1f794d8ab046fc910d781c8d151120c3f1569e/toml-0.10.2-py2.py3-none-any.whl", hash = "sha256:806143ae5bfb6a3c6e736a764057db0e6a0e05e338b5630894a5f779cabb4f9b" },
]

[[package]]
name = "typing-extensions"
version = "4.15.0"
source = { registry = "https://mirrors.aliyun.com/pypi/simple/" }
sdist = { url = "https://mirrors.aliyun.com/pypi/packages/72/94/1a15dd82efb362ac84269196e94cf00f187f7ed21c242792a923cdb1c61f/typing_extensions-4.15.0.tar.gz", hash = "sha256:0cea48d173cc12fa28ecabc3b837ea3cf6f38c6d1136f85cbaaf598984861466" }
wheels = [
    { url = "https://mirrors.aliyun.com/pypi/packages/18/67/36e9267722cc04a6b9f15c7f3441c2363321a3ea07da7ae0c0707beb2a9c/typing_extensions-4.15.0-py3-none-any.whl", hash = "sha256:f0fa19c6845758ab08074a0cfa8b7aecb71c999ca73d62883bc25cc018c4e548" },
]

[[package]]
name = "typing-inspection"
version = "0.4.1"
source = { registry = "https://mirrors.aliyun.com/pypi/simple/" }
dependencies = [
    { name = "typing-extensions" },
]
sdist = { url = "https://mirrors.aliyun.com/pypi/packages/f8/b1/0c11f5058406b3af7609f121aaa6b609744687f1d158b3c3a5bf4cc94238/typing_inspection-0.4.1.tar.gz", hash = "sha256:6ae134cc0203c33377d43188d4064e9b357dba58cff3185f22924610e70a9d28" }
wheels = [
    { url = "https://mirrors.aliyun.com/pypi/packages/17/69/cd203477f944c353c31bade965f880aa1061fd6bf05ded0726ca845b6ff7/typing_inspection-0.4.1-py3-none-any.whl", hash = "sha256:389055682238f53b04f7badcb49b989835495a96700ced5dab2d8feae4b26f51" },
]

[[package]]
name = "winrt-runtime"
version = "3.2.1"
source = { registry = "https://mirrors.aliyun.com/pypi/simple/" }
dependencies = [
    { name = "typing-extensions" },
]
sdist = { url = "https://mirrors.aliyun.com/pypi/packages/16/dd/acdd527c1d890c8f852cc2af644aa6c160974e66631289420aa871b05e65/winrt_runtime-3.2.1.tar.gz", hash = "sha256:c8dca19e12b234ae6c3dadf1a4d0761b51e708457492c13beb666556958801ea" }
wheels = [
    { url = "https://mirrors.aliyun.com/pypi/packages/79/d4/1a555d8bdcb8b920f8e896232c82901cc0cda6d3e4f92842199ae7dff70a/winrt_runtime-3.2.1-cp313-cp313-win32.whl", hash = "sha256:44e2733bc709b76c554aee6c7fe079443b8306b2e661e82eecfebe8b9d71e4d1" },
    { url = "https://mirrors.aliyun.com/pypi/packages/aa/24/2b6e536ca7745d788dfd17a2ec376fa03a8c7116dc638bb39b035635484f/winrt_runtime-3.2.1-cp313-cp313-win_amd64.whl", hash = "sha256:3c1fdcaeedeb2920dc3b9039db64089a6093cad2be56a3e64acc938849245a6d" },
    { url = "https://mirrors.aliyun.com/pypi/packages/d4/7f/6d72973279e2929b2a71ed94198ad4a5d63ee2936e91a11860bf7b431410/winrt_runtime-3.2.1-cp313-cp313-win_arm64.whl", hash = "sha256:28f3dab083412625ff4d2b46e81246932e6bebddf67bea7f05e01712f54e6159" },
]

[[package]]
name = "winrt-windows-devices-bluetooth"
version = "3.2.1"
source = { registry = "https://mirrors.aliyun.com/pypi/simple/" }
dependencies = [
    { name = "winrt-runtime" },
]
sdist = { url = "https://mirrors.aliyun.com/pypi/packages/b2/a0/1c8a0c469abba7112265c6cb52f0090d08a67c103639aee71fc690e614b8/winrt_windows_devices_bluetooth-3.2.1.tar.gz", hash = "sha256:db496d2d92742006d5a052468fc355bf7bb49e795341d695c374746113d74505" }
wheels = [
    { url = "https://mirrors.aliyun.com/pypi/packages/d4/cc/797516c5c0f8d7f5b680862e0ed7c1087c58aec0bcf57a417fa90f7eb983/winrt_windows_devices_bluetooth-3.2.1-cp313-cp313-win32.whl", hash = "sha256:12b0a16fb36ce0b42243ca81f22a6b53fbb344ed7ea07a6eeec294604f0505e4" },
    { url = "https://mirrors.aliyun.com/pypi/packages/05/6d/f60588846a065e69a2ec5e67c5f85eb45cb7edef2ee8974cd52fa8504de6/winrt_windows_devices_bluetooth-3.2.1-cp313-cp313-win_amd64.whl", hash = "sha256:6703dfbe444ee22426738830fb305c96a728ea9ccce905acfdf811d81045fdb3" },
    { url = "https://mirrors.aliyun.com/pypi/packages/2c/13/2d3c4762018b26a9f66879676ea15d7551cdbf339c8e8e0c56ea05ea31ef/winrt_windows_devices_bluetooth-3.2.1-cp313-cp313-win_arm64.whl", hash = "sha256:2cf8a0bfc9103e32dc7237af15f84be06c791f37711984abdca761f6318bbdb2" },
]

[[package]]
name = "winrt-windows-devices-bluetooth-advertisement"
version = "3.2.1"
source = { registry = "https://mirrors.aliyun.com/pypi/simple/" }
dependencies = [
    { name = "winrt-runtime" },
]
sdist = { url = "https://mirrors.aliyun.com/pypi/packages/06/fc/7ffe66ca4109b9e994b27c00f3d2d506e6e549e268791f755287ad9106d8/winrt_windows_devices_bluetooth_advertisement-3.2.1.tar.gz", hash = "sha256:0223852a7b7fa5c8dea3c6a93473bd783df4439b1ed938d9871f947933e574cc" }
wheels = [
    { url = "https://mirrors.aliyun.com/pypi/packages/34/01/8fc8e57605ea08dd0723c035ed0c2d0435dace2bc80a66d33aecfea49a56/winrt_windows_devices_bluetooth_advertisement-3.2.1-cp313-cp313-win32.whl", hash = "sha256:4122348ea525a914e85615647a0b54ae8b2f42f92cdbf89c5a12eea53ef6ed90" },
    { url = "https://mirrors.aliyun.com/pypi/packages/86/83/503cf815d84c5ba8c8bc61480f32e55579ebf76630163405f7df39aa297b/winrt_windows_devices_bluetooth_advertisement-3.2.1-cp313-cp313-win_amd64.whl", hash = "sha256:b66410c04b8dae634a7e4b615c3b7f8adda9c7d4d6902bcad5b253da1a684943" },
    { url = "https://mirrors.aliyun.com/pypi/packages/32/13/052be8b6642e6f509b30c194312b37bfee8b6b60ac3bd5ca2968c3ea5b80/winrt_windows_devices_bluetooth_advertisement-3.2.1-cp313-cp313-win_arm64.whl", hash = "sha256:07af19b1d252ddb9dd3eb2965118bc2b7cabff4dda6e499341b765e5038ca61d" },
]

[[package]]
name = "winrt-windows-devices-bluetooth-genericattributeprofile"
version = "3.2.1"
source = { registry = "https://mirrors.aliyun.com/pypi/simple/" }
dependencies = [
    { name = "winrt-runtime" },
]
sdist = { url = "https://mirrors.aliyun.com/pypi/packages/44/21/aeeddc0eccdfbd25e543360b5cc093233e2eab3cdfb53ad3cabae1b5d04d/winrt_windows_devices_bluetooth_genericattributeprofile-3.2.1.tar.gz", hash = "sha256:cdf6ddc375e9150d040aca67f5a17c41ceaf13a63f3668f96608bc1d045dde71" }
wheels = [
    { url = "https://mirrors.aliyun.com/pypi/packages/ec/93/30b45ce473d1a604908221a1fa035fe8d5e4bb9008e820ae671a21dab94c/winrt_windows_devices_bluetooth_genericattributeprofile-3.2.1-cp313-cp313-win32.whl", hash = "sha256:b1879c8dcf46bd2110b9ad4b0b185f4e2a5f95170d014539203a5fee2b2115f0" },
    { url = "https://mirrors.aliyun.com/pypi/packages/5b/3b/eb9d99b82a36002d7885206d00ea34f4a23db69c16c94816434ded728fa3/winrt_windows_devices_bluetooth_genericattributeprofile-3.2.1-cp313-cp313-win_amd64.whl", hash = "sha256:8d8d89f01e9b6931fb48217847caac3227a0aeb38a5b7782af71c2e7b262ec30" },
    { url = "https://mirrors.aliyun.com/pypi/packages/84/9b/ebbbe9be9a3e640dcfc5f166eb48f2f9d8ce42553f83aa9f4c5dcd9eb5f5/winrt_windows_devices_bluetooth_genericattributeprofile-3.2.1-cp313-cp313-win_arm64.whl", hash = "sha256:4e71207bb89798016b1795bb15daf78afe45529f2939b3b9e78894cfe650b383" },
]

[[package]]
name = "winrt-windows-devices-enumeration"
version = "3.2.1"
source = { registry = "https://mirrors.aliyun.com/pypi/simple/" }
dependencies = [
    { name = "winrt-runtime" },
]
sdist = { url = "https://mirrors.aliyun.com/pypi/packages/9e/dd/75835bfbd063dffa152109727dedbd80f6e92ea284855f7855d48cdf31c9/winrt_windows_devices_enumeration-3.2.1.tar.gz", hash = "sha256:df316899e39bfc0ffc1f3cb0f5ee54d04e1d167fbbcc1484d2d5121449a935cf" }
wheels = [
    { url = "https://mirrors.aliyun.com/pypi/packages/ff/7d/ebd712ab8ccd599c593796fbcd606abe22b5a8e20db134aa87987d67ac0e/winrt_windows_devices_enumeration-3.2.1-cp313-cp313-win32.whl", hash = "sha256:14a71cdcc84f624c209cbb846ed6bd9767a9a9437b2bf26b48ac9a91599da6e9" },
    { url = "https://mirrors.aliyun.com/pypi/packages/70/de/f30daaaa0e6f4edb6bd7ddb3e058bd453c9ad90c032a4545c4d4639338aa/winrt_windows_devices_enumeration-3.2.1-cp313-cp313-win_amd64.whl", hash = "sha256:6ca40d334734829e178ad46375275c4f7b5d6d2d4fc2e8879690452cbfb36015" },
    { url = "https://mirrors.aliyun.com/pypi/packages/75/4b/9a6aafdc74a085c550641a325be463bf4b811f6f605766c9cd4f4b5c19d2/winrt_windows_devices_enumeration-3.2.1-cp313-cp313-win_arm64.whl", hash = "sha256:2d14d187f43e4409c7814b7d1693c03a270e77489b710d92fcbbaeca5de260d4" },
]

[[package]]
name = "winrt-windows-foundation"
version = "3.2.1"
source = { registry = "https://mirrors.aliyun.com/pypi/simple/" }
dependencies = [
    { name = "winrt-runtime" },
]
sdist = { url = "https://mirrors.aliyun.com/pypi/packages/0c/55/098ce7ea0679efcc1298b269c48768f010b6c68f90c588f654ec874c8a74/winrt_windows_foundation-3.2.1.tar.gz", hash = "sha256:ad2f1fcaa6c34672df45527d7c533731fdf65b67c4638c2b4aca949f6eec0656" }
wheels = [
    { url = "https://mirrors.aliyun.com/pypi/packages/7b/71/5e87131e4aecc8546c76b9e190bfe4e1292d028bda3f9dd03b005d19c76c/winrt_windows_foundation-3.2.1-cp313-cp313-win32.whl", hash = "sha256:3998dc58ed50ecbdbabace1cdef3a12920b725e32a5806d648ad3f4829d5ba46" },
    { url = "https://mirrors.aliyun.com/pypi/packages/ba/7f/8d5108461351d4f6017f550af8874e90c14007f9122fa2eab9f9e0e9b4e1/winrt_windows_foundation-3.2.1-cp313-cp313-win_amd64.whl", hash = "sha256:6e98617c1e46665c7a56ce3f5d28e252798416d1ebfee3201267a644a4e3c479" },
    { url = "https://mirrors.aliyun.com/pypi/packages/44/f5/2edf70922a3d03500dab17121b90d368979bd30016f6dbca0d043f0c71f1/winrt_windows_foundation-3.2.1-cp313-cp313-win_arm64.whl", hash = "sha256:2a8c1204db5c352f6a563130a5a41d25b887aff7897bb677d4ff0b660315aad4" },
]

[[package]]
name = "winrt-windows-foundation-collections"
version = "3.2.1"
source = { registry = "https://mirrors.aliyun.com/pypi/simple/" }
dependencies = [
    { name = "winrt-runtime" },
]
sdist = { url = "https://mirrors.aliyun.com/pypi/packages/ef/62/d21e3f1eeb8d47077887bbf0c3882c49277a84d8f98f7c12bda64d498a07/winrt_windows_foundation_collections-3.2.1.tar.gz", hash = "sha256:0eff1ad0d8d763ad17e9e7bbd0c26a62b27215016393c05b09b046d6503ae6d5" }
wheels = [
    { url = "https://mirrors.aliyun.com/pypi/packages/a6/cd/99ef050d80bea2922fa1ded93e5c250732634095d8bd3595dd808083e5ca/winrt_windows_foundation_collections-3.2.1-cp313-cp313-win32.whl", hash = "sha256:4267a711b63476d36d39227883aeb3fb19ac92b88a9fc9973e66fbce1fd4aed9" },
    { url = "https://mirrors.aliyun.com/pypi/packages/94/93/4f75fd6a4c96f1e9bee198c5dc9a9b57e87a9c38117e1b5e423401886353/winrt_windows_foundation_collections-3.2.1-cp313-cp313-win_amd64.whl", hash = "sha256:5e12a6e75036ee90484c33e204b85fb6785fcc9e7c8066ad65097301f48cdd10" },
    { url = "https://mirrors.aliyun.com/pypi/packages/40/76/de47ccc390017ec5575e7e7fd9f659ee3747c52049cdb2969b1b538ce947/winrt_windows_foundation_collections-3.2.1-cp313-cp313-win_arm64.whl", hash = "sha256:34b556255562f1b36d07fba933c2bcd9f0db167fa96727a6cbb4717b152ad7a2" },
]

[[package]]
name = "winrt-windows-storage-streams"
version = "3.2.1"
source = { registry = "https://mirrors.aliyun.com/pypi/simple/" }
dependencies = [
    { name = "winrt-runtime" },
]
sdist = { url = "https://mirrors.aliyun.com/pypi/packages/00/50/f4488b07281566e3850fcae1021f0285c9653992f60a915e15567047db63/winrt_windows_storage_streams-3.2.1.tar.gz", hash = "sha256:476f522722751eb0b571bc7802d85a82a3cae8b1cce66061e6e758f525e7b80f" }
wheels = [
    { url = "https://mirrors.aliyun.com/pypi/packages/d9/d2/24d9f59bdc05e741261d5bec3bcea9a848d57714126a263df840e2b515a8/winrt_windows_storage_streams-3.2.1-cp313-cp313-win32.whl", hash = "sha256:401bb44371720dc43bd1e78662615a2124372e7d5d9d65dfa8f77877bbcb8163" },
    { url = "https://mirrors.aliyun.com/pypi/packages/15/59/601724453b885265c7779d5f8025b043a68447cbc64ceb9149d674d5b724/winrt_windows_storage_streams-3.2.1-cp313-cp313-win_amd64.whl", hash = "sha256:202c5875606398b8bfaa2a290831458bb55f2196a39c1d4e5fa88a03d65ef915" },
    { url = "https://mirrors.aliyun.com/pypi/packages/fb/c2/a419675a6087c9ea496968c9b7805ef234afa585b7483e2269608a12b044/winrt_windows_storage_streams-3.2.1-cp313-cp313-win_arm64.whl", hash = "sha256:ca3c5ec0aab60895006bf61053a1aca6418bc7f9a27a34791ba3443b789d230d" },
]
